
Microsoft Visual Studio Solution File, Format Version 12.00
# Visual Studio Version 17
VisualStudioVersion = 17.4.33110.190
MinimumVisualStudioVersion = 10.0.40219.1
Project("{FAE04EC0-301F-11D3-BF4B-00C04F79EFBC}") = "RHManager", "RHManager.csproj", "{E749F0AD-C89F-46DA-89FE-3DEE83CE8552}"
EndProject
Global
	GlobalSection(SolutionConfigurationPlatforms) = preSolution
		Debug|Any CPU = Debug|Any CPU
		Release|Any CPU = Release|Any CPU
	EndGlobalSection
	GlobalSection(ProjectConfigurationPlatforms) = postSolution
		{E749F0AD-C89F-46DA-89FE-3DEE83CE8552}.Debug|Any CPU.ActiveCfg = Debug|Any CPU
		{E749F0AD-C89F-46DA-89FE-3DEE83CE8552}.Debug|Any CPU.Build.0 = Debug|Any CPU
		{E749F0AD-C89F-46DA-89FE-3DEE83CE8552}.Release|Any CPU.ActiveCfg = Release|Any CPU
		{E749F0AD-C89F-46DA-89FE-3DEE83CE8552}.Release|Any CPU.Build.0 = Release|Any CPU
	EndGlobalSection
	GlobalSection(SolutionProperties) = preSolution
		HideSolutionNode = FALSE
	EndGlobalSection
	GlobalSection(ExtensibilityGlobals) = postSolution
		SolutionGuid = {2FA772AD-D47F-469F-BEA4-786F43135D93}
	EndGlobalSection
EndGlobal
